<?xml version="1.0" encoding="utf-8"?>
<Project ToolsVersion="4.0" xmlns="http://schemas.microsoft.com/developer/msbuild/2003">
  <ItemGroup>
    <Filter Include="ソース ファイル">
      <UniqueIdentifier>{4FC737F1-C7A5-4376-A066-2A32D752A2FF}</UniqueIdentifier>
      <Extensions>cpp;c;cc;cxx;c++;cppm;ixx;def;odl;idl;hpj;bat;asm;asmx</Extensions>
    </Filter>
    <Filter Include="ヘッダー ファイル">
      <UniqueIdentifier>{93995380-89BD-4b04-88EB-625FBE52EBFB}</UniqueIdentifier>
      <Extensions>h;hh;hpp;hxx;h++;hm;inl;inc;ipp;xsd</Extensions>
    </Filter>
    <Filter Include="リソース ファイル">
      <UniqueIdentifier>{67DA6AB6-F800-4c08-8B7A-83BB121AAD01}</UniqueIdentifier>
      <Extensions>rc;ico;cur;bmp;dlg;rc2;rct;bin;rgs;gif;jpg;jpeg;jpe;resx;tiff;tif;png;wav;mfcribbon-ms</Extensions>
    </Filter>
    <Filter Include="ヘッダー ファイル\Character">
      <UniqueIdentifier>{245da408-0c97-426d-9a05-4dfdf6a79a58}</UniqueIdentifier>
    </Filter>
    <Filter Include="ヘッダー ファイル\Character\Enemy">
      <UniqueIdentifier>{ce6cae31-9522-4c7b-9bc2-1999dc2dee73}</UniqueIdentifier>
    </Filter>
    <Filter Include="ヘッダー ファイル\Character\Player">
      <UniqueIdentifier>{6c7bbf0b-a0d7-4764-b80e-238fae2d36e7}</UniqueIdentifier>
    </Filter>
    <Filter Include="ヘッダー ファイル\Battle">
      <UniqueIdentifier>{df46f364-c8f2-48e0-a38e-1757d4866bc5}</UniqueIdentifier>
    </Filter>
    <Filter Include="ヘッダー ファイル\UI">
      <UniqueIdentifier>{134b9767-62c0-4d0d-8e88-aced7e9696a5}</UniqueIdentifier>
    </Filter>
    <Filter Include="ヘッダー ファイル\System.h">
      <UniqueIdentifier>{007485cf-759b-4867-8c7f-b9444d08f0b6}</UniqueIdentifier>
    </Filter>
    <Filter Include="ソース ファイル\System.cpp">
      <UniqueIdentifier>{1d9816fd-6ea6-4b54-8652-918ec4af74ba}</UniqueIdentifier>
    </Filter>
    <Filter Include="ヘッダー ファイル\Class.h">
      <UniqueIdentifier>{5ee2d9ba-7ee9-41f9-9f4a-a2ac5f735f1c}</UniqueIdentifier>
    </Filter>
    <Filter Include="ヘッダー ファイル\Stage">
      <UniqueIdentifier>{35d96224-ba05-4d93-866c-613c871cf39b}</UniqueIdentifier>
    </Filter>
    <Filter Include="ソース ファイル\Stage">
      <UniqueIdentifier>{beb334f3-6d09-43b2-8905-836777631298}</UniqueIdentifier>
    </Filter>
    <Filter Include="ソース ファイル\Character">
      <UniqueIdentifier>{36af180a-8e0b-4121-bc70-b02b90c6e174}</UniqueIdentifier>
    </Filter>
    <Filter Include="ソース ファイル\UI">
      <UniqueIdentifier>{ab280ba7-ace5-4b5e-8d98-c6bba3c9fc34}</UniqueIdentifier>
    </Filter>
    <Filter Include="ヘッダー ファイル\MIssion">
      <UniqueIdentifier>{9cf2110d-de31-4b91-bb1c-b52b9e613efb}</UniqueIdentifier>
    </Filter>
    <Filter Include="ソース ファイル\Mission">
      <UniqueIdentifier>{eac5c277-e130-431f-a9f6-7727dd039bf4}</UniqueIdentifier>
    </Filter>
  </ItemGroup>
  <ItemGroup>
    <ClCompile Include="src\GameMain.cpp">
      <Filter>ソース ファイル</Filter>
    </ClCompile>
    <ClCompile Include="src\System\InPut\Key\InPutKey.cpp">
      <Filter>ソース ファイル\System.cpp</Filter>
    </ClCompile>
    <ClCompile Include="src\System\InPut\Pad\InPutPad.cpp">
      <Filter>ソース ファイル\System.cpp</Filter>
    </ClCompile>
    <ClCompile Include="src\Scene\Manager\Manager.cpp">
      <Filter>ソース ファイル</Filter>
    </ClCompile>
    <ClCompile Include="src\Scene\Battle\CBattle.cpp">
      <Filter>ソース ファイル\Stage</Filter>
    </ClCompile>
    <ClCompile Include="src\Scene\StageSelect\CStage.cpp">
      <Filter>ソース ファイル\Stage</Filter>
    </ClCompile>
    <ClCompile Include="src\Scene\Title\CTitle.cpp">
      <Filter>ソース ファイル\Stage</Filter>
    </ClCompile>
    <ClCompile Include="src\Scene\Result\CResult.cpp">
      <Filter>ソース ファイル\Stage</Filter>
    </ClCompile>
    <ClCompile Include="src\Character\Factory\CharacterFactory.cpp">
      <Filter>ソース ファイル\Character</Filter>
    </ClCompile>
    <ClCompile Include="src\Scene\PartySelect\CPartySelect.cpp">
      <Filter>ソース ファイル\Stage</Filter>
    </ClCompile>
    <ClCompile Include="src\DisplaySystem\QuestBoard\QuestBoard.cpp">
      <Filter>ソース ファイル\UI</Filter>
    </ClCompile>
    <ClCompile Include="src\DisplaySystem\UI\UI.cpp">
      <Filter>ソース ファイル\UI</Filter>
    </ClCompile>
    <ClCompile Include="src\Direction\CutIn\Cutin.cpp">
      <Filter>ソース ファイル\UI</Filter>
    </ClCompile>
    <ClCompile Include="src\Mission\Factory\MissionFactory.cpp">
      <Filter>ソース ファイル\Mission</Filter>
    </ClCompile>
    <ClCompile Include="src\Mission\Manager\MissionManager.cpp">
      <Filter>ソース ファイル\Mission</Filter>
    </ClCompile>
    <ClCompile Include="src\Character\Player\CPlayer.cpp">
      <Filter>ソース ファイル</Filter>
    </ClCompile>
  </ItemGroup>
  <ItemGroup>
    <ClInclude Include="src\GameMain.h">
      <Filter>ヘッダー ファイル</Filter>
    </ClInclude>
    <ClInclude Include="src\System\InPut\Pad\InPutPad.h">
      <Filter>ヘッダー ファイル\System.h</Filter>
    </ClInclude>
    <ClInclude Include="src\System\InPut\Key\InPutKey.h">
      <Filter>ヘッダー ファイル\System.h</Filter>
    </ClInclude>
    <ClInclude Include="src\typedef.h">
      <Filter>ヘッダー ファイル\System.h</Filter>
    </ClInclude>
    <ClInclude Include="src\Scene\Title\CTitle.h">
      <Filter>ヘッダー ファイル\Stage</Filter>
    </ClInclude>
    <ClInclude Include="src\Scene\StageSelect\CStage.h">
      <Filter>ヘッダー ファイル\Stage</Filter>
    </ClInclude>
    <ClInclude Include="src\Scene\Battle\CBattle.h">
      <Filter>ヘッダー ファイル\Stage</Filter>
    </ClInclude>
    <ClInclude Include="src\Scene\Result\CResult.h">
      <Filter>ヘッダー ファイル\Stage</Filter>
    </ClInclude>
    <ClInclude Include="src\Scene\CBase.h">
      <Filter>ヘッダー ファイル\Stage</Filter>
    </ClInclude>
    <ClInclude Include="src\Character\Player\CPlayer.h">
      <Filter>ヘッダー ファイル\Character\Player</Filter>
    </ClInclude>
    <ClInclude Include="src\Character\Enemy\CEnemy.h">
      <Filter>ヘッダー ファイル\Character\Enemy</Filter>
    </ClInclude>
    <ClInclude Include="src\System\InPut\Mouse\Mouse.h">
      <Filter>ヘッダー ファイル\System.h</Filter>
    </ClInclude>
    <ClInclude Include="src\Load\Load.h">
      <Filter>ヘッダー ファイル\Class.h</Filter>
    </ClInclude>
    <ClInclude Include="src\Character\Character.h">
      <Filter>ヘッダー ファイル\Character</Filter>
    </ClInclude>
    <ClInclude Include="src\Character\CharacterData.h">
      <Filter>ヘッダー ファイル\Character</Filter>
    </ClInclude>
    <ClInclude Include="src\Character\Factory\CharacterFactory.h">
      <Filter>ヘッダー ファイル\Character</Filter>
    </ClInclude>
    <ClInclude Include="src\Direction\Effect\CEffect.h">
      <Filter>ヘッダー ファイル\Class.h</Filter>
    </ClInclude>
    <ClInclude Include="src\Scene\PartySelect\CPartySelect.h">
      <Filter>ヘッダー ファイル\Stage</Filter>
    </ClInclude>
    <ClInclude Include="src\Constants\enum.h">
      <Filter>ヘッダー ファイル\Class.h</Filter>
    </ClInclude>
    <ClInclude Include="src\DisplaySystem\UI\UI.h">
      <Filter>ヘッダー ファイル\UI</Filter>
    </ClInclude>
    <ClInclude Include="src\DisplaySystem\QuestBoard\QuestBoard.h">
      <Filter>ヘッダー ファイル\UI</Filter>
    </ClInclude>
    <ClInclude Include="src\Scene\Manager\Manager.h">
      <Filter>ヘッダー ファイル</Filter>
    </ClInclude>
    <ClInclude Include="src\Scene\Battle\CBattle_SP.h">
      <Filter>ヘッダー ファイル\Battle</Filter>
    </ClInclude>
    <ClInclude Include="src\Math\Calculation.h">
      <Filter>ヘッダー ファイル\Battle</Filter>
    </ClInclude>
    <ClInclude Include="src\Direction\CutIn\Cutin.h">
      <Filter>ヘッダー ファイル\UI</Filter>
    </ClInclude>
    <ClInclude Include="src\DisplaySystem\Icon\Icon.h">
      <Filter>ヘッダー ファイル\UI</Filter>
    </ClInclude>
    <ClInclude Include="src\Mission\MissionData.h">
      <Filter>ヘッダー ファイル\MIssion</Filter>
    </ClInclude>
    <ClInclude Include="src\Mission\Factory\MissionFactory.h">
      <Filter>ヘッダー ファイル\MIssion</Filter>
    </ClInclude>
    <ClInclude Include="src\Mission\Manager\MissionManager.h">
      <Filter>ヘッダー ファイル\MIssion</Filter>
    </ClInclude>
    <ClInclude Include="src\DisplaySystem\Fade\Fade.h">
      <Filter>ヘッダー ファイル\UI</Filter>
    </ClInclude>
    <ClInclude Include="src\Character\HP.h">
      <Filter>ヘッダー ファイル</Filter>
    </ClInclude>
    <ClInclude Include="src\Character\Attack.h">
      <Filter>ヘッダー ファイル</Filter>
    </ClInclude>
  </ItemGroup>
</Project>